{
  "lockfile-version": 1,
  "manifest": {
    "schema-version": "1.10.0",
    "install": {
      "bash": {
        "pkg-path": "bash",
        "outputs": "all"
      },
      "coreutils": {
        "pkg-path": "coreutils",
        "outputs": "all"
      },
      "curl": {
        "pkg-path": "curl"
      },
      "delve": {
        "pkg-path": "delve"
      },
      "strace": {
        "pkg-path": "strace"
      },
      "tailscale-debug": {
        "flake": "path:../../..#tailscale-debug"
      }
    },
    "options": {
      "systems": [
        "aarch64-linux"
      ]
    }
  },
  "packages": [
    {
      "attr_path": "bash",
      "broken": false,
      "derivation": "/nix/store/lng6x2q3j8ilsc76xkd6w027jskqblih-bash-interactive-5.3p15.drv",
      "description": "GNU Bourne-Again Shell, the de facto standard shell on Linux (for interactive use)",
      "install_id": "bash",
      "license": "GPL-3.0-or-later",
      "locked_url": "https://github.com/flox/nixpkgs?rev=151fa4e8ddfdd8dd25d945ad94ed54a13de9f6e4",
      "name": "bash-interactive-5.3p15",
      "pname": "bash",
      "rev": "151fa4e8ddfdd8dd25d945ad94ed54a13de9f6e4",
      "rev_count": 1086391,
      "rev_date": "2026-10-06T04:29:54Z",
      "scrape_date": "2026-10-07T05:31:52.011353Z",
      "stabilities": [
        "unstable"
      ],
      "unfree": false,
      "version": "5.3p15",
      "outputs_to_install": [
        "man",
        "out",
        "out"
      ],
      "outputs": {
        "debug": "/nix/store/ibzrdbzm31azyk9jv2sqk1wz90svp64c-bash-interactive-5.3p15-debug",
        "dev": "/nix/store/2ssiw3jmlpf03cdrlf4df2qwpxska7xn-bash-interactive-5.3p15-dev",
        "doc": "/nix/store/zmirimd60fc2bdh1nlghi044k7y1qnfn-bash-interactive-5.3p15-doc",
        "info": "/nix/store/p15v5l88lvcgl4i71w1bz0vkw6gy6wgx-bash-interactive-5.3p15-info",
        "man": "/nix/store/fabgday1m9ahl9pxx2dvmn22mxcc5ik2-bash-interactive-5.3p15-man",
        "out": "/nix/store/wgxz9zr5a70v52nkqinbarf56f1c5jsi-bash-interactive-5.3p15"
      },
      "system": "aarch64-linux",
      "group": "toplevel",
      "priority": 5
    },
    {
      "attr_path": "coreutils",
      "broken": false,
      "derivation": "/nix/store/k9fn8scgs59zjpi78n24qlzyb4wlmkw5-coreutils-9.11.drv",
      "description": "GNU Core Utilities",
      "install_id": "coreutils",
      "license": "GPL-3.0-or-later",
      "locked_url": "https://github.com/flox/nixpkgs?rev=151fa4e8ddfdd8dd25d945ad94ed54a13de9f6e4",
      "name": "coreutils-9.11",
      "pname": "coreutils",
      "rev": "151fa4e8ddfdd8dd25d945ad94ed54a13de9f6e4",
      "rev_count": 1086391,
      "rev_date": "2026-10-06T04:29:54Z",
      "scrape_date": "2026-10-07T05:31:52.605562Z",
      "stabilities": [
        "unstable"
      ],
      "unfree": false,
      "version": "9.11",
      "outputs_to_install": [
        "out",
        "out",
        "out"
      ],
      "outputs": {
        "debug": "/nix/store/zf1kvml4h5wk3n22h17fnqvyzm1cjnbc-coreutils-9.11-debug",
        "info": "/nix/store/982a6ix3bby4pqw5gqs9lhzbkay0h19z-coreutils-9.11-info",
        "out": "/nix/store/dq1apsyiah48nmc4n45dpwc33k887hdn-coreutils-9.11"
      },
      "system": "aarch64-linux",
      "group": "toplevel",
      "priority": 5
    },
    {
      "attr_path": "curl",
      "broken": false,
      "derivation": "/nix/store/pkxh70nyzkv7a4iyvy22s18wpamj3q3d-curl-8.22.0.drv",
      "description": "Command line tool for transferring files with URL syntax",
      "install_id": "curl",
      "license": "curl",
      "locked_url": "https://github.com/flox/nixpkgs?rev=151fa4e8ddfdd8dd25d945ad94ed54a13de9f6e4",
      "name": "curl-8.22.0",
      "pname": "curl",
      "rev": "151fa4e8ddfdd8dd25d945ad94ed54a13de9f6e4",
      "rev_count": 1086391,
      "rev_date": "2026-10-06T04:29:54Z",
      "scrape_date": "2026-10-07T05:31:52.770851Z",
      "stabilities": [
        "unstable"
      ],
      "unfree": false,
      "version": "8.22.0",
      "outputs_to_install": [
        "bin",
        "bin",
        "bin",
        "man",
        "man",
        "man"
      ],
      "outputs": {
        "bin": "/nix/store/8kdawibp3831l16sx890nmxjyxii2a8i-curl-8.22.0-bin",
        "debug": "/nix/store/4kiq70ca99bwbjm4ibva16w074nhkh96-curl-8.22.0-debug",
        "dev": "/nix/store/l54xxyh3havpk0qwr0pdz4cdn0vrhjv3-curl-8.22.0-dev",
        "devdoc": "/nix/store/jz9zr90sg577pq1mqk2spw55xig2v47z-curl-8.22.0-devdoc",
        "man": "/nix/store/pkx6g62xshir1v7hqzns0x2ygzx1w60n-curl-8.22.0-man",
        "out": "/nix/store/d05khq8gbpqw7ykgnjg8qixqyfa1idj5-curl-8.22.0"
      },
      "system": "aarch64-linux",
      "group": "toplevel",
      "priority": 5
    },
    {
      "attr_path": "delve",
      "broken": false,
      "derivation": "/nix/store/8qwa06aidb33yzd35ws6iflqnf6mdsns-delve-1.27.2.drv",
      "description": "Debugger for the Go programming language",
      "install_id": "delve",
      "license": "MIT",
      "locked_url": "https://github.com/flox/nixpkgs?rev=151fa4e8ddfdd8dd25d945ad94ed54a13de9f6e4",
      "name": "delve-1.27.2",
      "pname": "delve",
      "rev": "151fa4e8ddfdd8dd25d945ad94ed54a13de9f6e4",
      "rev_count": 1086391,
      "rev_date": "2026-10-06T04:29:54Z",
      "scrape_date": "2026-10-07T05:31:52.878602Z",
      "stabilities": [
        "unstable"
      ],
      "unfree": false,
      "version": "1.27.2",
      "outputs_to_install": [
        "out"
      ],
      "outputs": {
        "out": "/nix/store/57nr50p0divqxwas8ali3hcppz6m6wjp-delve-1.27.2"
      },
      "system": "aarch64-linux",
      "group": "toplevel",
      "priority": 5
    },
    {
      "attr_path": "strace",
      "broken": false,
      "derivation": "/nix/store/x744nq54l6m5ajy7z4p70rlcgp0gqah3-strace-7.2.drv",
      "description": "System call tracer for Linux",
      "install_id": "strace",
      "license": "[ LGPL-2.1-or-later, GPL-2.0-or-later ]",
      "locked_url": "https://github.com/flox/nixpkgs?rev=151fa4e8ddfdd8dd25d945ad94ed54a13de9f6e4",
      "name": "strace-7.2",
      "pname": "strace",
      "rev": "151fa4e8ddfdd8dd25d945ad94ed54a13de9f6e4",
      "rev_count": 1086391,
      "rev_date": "2026-10-06T04:29:54Z",
      "scrape_date": "2026-10-07T05:34:28.690885Z",
      "stabilities": [
        "unstable"
      ],
      "unfree": false,
      "version": "7.2",
      "outputs_to_install": [
        "man",
        "out"
      ],
      "outputs": {
        "debug": "/nix/store/v2snn65s5yp5vzrdybz06v534rr7mpjq-strace-7.2-debug",
        "man": "/nix/store/kmf8g1j6yg8x3wpwvfv2fr51nn2pzhf9-strace-7.2-man",
        "out": "/nix/store/jv2wdzlnwcmizjn0y0mz80w17klicz0g-strace-7.2"
      },
      "system": "aarch64-linux",
      "group": "toplevel",
      "priority": 5
    },
    {
      "install_id": "tailscale-debug",
      "locked-url": "path:/Volumes/git-worktree-store/seedmatic/rke2lab.d/flox-catalog?lastModified=1791387044&narHash=sha256-yDb5bh4afz7K9GyXbGRIiE6E9%2Btb8N1FZtrj2yi8hHc%3D",
      "flake-description": "Flox runtime env catalog: per-workload packages (kdns, tailscale) the flox-nri-plugin injects. The plugin itself now lives in github:seedmatic/flox-nri-plugin (consumed as the flox-runtime input of the rke2lab flake).",
      "locked-flake-attr-path": "packages.aarch64-linux.tailscale-debug",
      "derivation": "/nix/store/0bmcc5z0r47zsrm9yxblsbky7xzx73g4-tailscale.drv",
      "outputs": {
        "out": "/nix/store/wlsmyybj05qgm6av5kbnlz7nywjq35nn-tailscale"
      },
      "output-names": [
        "out"
      ],
      "outputs-to-install": [
        "out"
      ],
      "requested-outputs-to-install": [],
      "package-system": "aarch64-linux",
      "system": "aarch64-linux",
      "name": "tailscale",
      "pname": "tailscale-debug",
      "version": "1.102.3",
      "broken": false,
      "unfree": false,
      "priority": 5
    }
  ]
}