{
  "lockfile-version": 1,
  "manifest": {
    "schema-version": "1.10.0",
    "install": {
      "bash": {
        "pkg-path": "bash",
        "outputs": "all"
      },
      "coreutils": {
        "pkg-path": "coreutils",
        "outputs": "all"
      },
      "curl": {
        "pkg-path": "curl"
      },
      "delve": {
        "pkg-path": "delve"
      },
      "strace": {
        "pkg-path": "strace"
      },
      "tailscale-debug": {
        "flake": "path:../../..#tailscale-debug"
      }
    },
    "options": {
      "systems": [
        "aarch64-linux"
      ]
    }
  },
  "packages": [
    {
      "attr_path": "bash",
      "broken": false,
      "derivation": "/nix/store/43c5mqrji1g24gr7kgl7rz7h56biywx6-bash-interactive-5.3p15.drv",
      "description": "GNU Bourne-Again Shell, the de facto standard shell on Linux (for interactive use)",
      "install_id": "bash",
      "license": "GPL-3.0-or-later",
      "locked_url": "https://github.com/flox/nixpkgs?rev=d6524aaca2ff07876657ae2b323f24be4874944b",
      "name": "bash-interactive-5.3p15",
      "pname": "bash",
      "rev": "d6524aaca2ff07876657ae2b323f24be4874944b",
      "rev_count": 1069856,
      "rev_date": "2026-09-08T15:35:43Z",
      "scrape_date": "2026-09-09T05:30:33.380330Z",
      "stabilities": [
        "unstable"
      ],
      "unfree": false,
      "version": "5.3p15",
      "outputs_to_install": [
        "man",
        "out",
        "out",
        "out"
      ],
      "outputs": {
        "debug": "/nix/store/713g2mp1i8xpmbdmi3kifdhla7g0gsin-bash-interactive-5.3p15-debug",
        "dev": "/nix/store/360xx4r3q0zf4mkd824ngw1g0ijxijmi-bash-interactive-5.3p15-dev",
        "doc": "/nix/store/v6laahd0c284g94x6b18am6ni7l4lcaw-bash-interactive-5.3p15-doc",
        "info": "/nix/store/1sy5cvzy4k1kg8rq9m9py5qnhxcklri6-bash-interactive-5.3p15-info",
        "man": "/nix/store/x5hnm458p9mhfbf9qjbdh0kx3niml2ca-bash-interactive-5.3p15-man",
        "out": "/nix/store/2v6yfrj5kcq2f5vqw63cr6c3d6i898qc-bash-interactive-5.3p15"
      },
      "system": "aarch64-linux",
      "group": "toplevel",
      "priority": 5
    },
    {
      "attr_path": "coreutils",
      "broken": false,
      "derivation": "/nix/store/d3f8fssi5bl2dp8i31xh102pmq7znwwi-coreutils-9.11.drv",
      "description": "GNU Core Utilities",
      "install_id": "coreutils",
      "license": "GPL-3.0-or-later",
      "locked_url": "https://github.com/flox/nixpkgs?rev=d6524aaca2ff07876657ae2b323f24be4874944b",
      "name": "coreutils-9.11",
      "pname": "coreutils",
      "rev": "d6524aaca2ff07876657ae2b323f24be4874944b",
      "rev_count": 1069856,
      "rev_date": "2026-09-08T15:35:43Z",
      "scrape_date": "2026-09-09T05:30:33.908098Z",
      "stabilities": [
        "unstable"
      ],
      "unfree": false,
      "version": "9.11",
      "outputs_to_install": [
        "out",
        "out",
        "out",
        "out"
      ],
      "outputs": {
        "debug": "/nix/store/mm20p77c25q3xf822lzfwfb11i6w14p8-coreutils-9.11-debug",
        "info": "/nix/store/rlgrpyjxh9xgx6bi3p8lv2bp4vhqagkh-coreutils-9.11-info",
        "out": "/nix/store/85k56vdxxb75xmgvxj4zhaawyafkchwh-coreutils-9.11"
      },
      "system": "aarch64-linux",
      "group": "toplevel",
      "priority": 5
    },
    {
      "attr_path": "curl",
      "broken": false,
      "derivation": "/nix/store/jb7rplvvzd1wyahggysw1b5bb6pzyqkr-curl-8.21.0.drv",
      "description": "Command line tool for transferring files with URL syntax",
      "install_id": "curl",
      "license": "curl",
      "locked_url": "https://github.com/flox/nixpkgs?rev=d6524aaca2ff07876657ae2b323f24be4874944b",
      "name": "curl-8.21.0",
      "pname": "curl",
      "rev": "d6524aaca2ff07876657ae2b323f24be4874944b",
      "rev_count": 1069856,
      "rev_date": "2026-09-08T15:35:43Z",
      "scrape_date": "2026-09-09T05:30:34.010070Z",
      "stabilities": [
        "unstable"
      ],
      "unfree": false,
      "version": "8.21.0",
      "outputs_to_install": [
        "bin",
        "bin",
        "man",
        "man"
      ],
      "outputs": {
        "bin": "/nix/store/vg5pj1j7y8hl6f6i4wb040qpv84m9fcx-curl-8.21.0-bin",
        "debug": "/nix/store/f675jagq2dzjnxq0zgck37mzlxfil7xr-curl-8.21.0-debug",
        "dev": "/nix/store/xbhfcsv7s8wq5j50zkqvkb5jqc9zfclq-curl-8.21.0-dev",
        "devdoc": "/nix/store/8ls4grcya4aflgqc4a4b2c7rl07a0ir3-curl-8.21.0-devdoc",
        "man": "/nix/store/5s4va5bkyq2jipcaqk8l5vmywwxjk8p9-curl-8.21.0-man",
        "out": "/nix/store/4m2zy0glpqrj0pl4hmycid216l7racp7-curl-8.21.0"
      },
      "system": "aarch64-linux",
      "group": "toplevel",
      "priority": 5
    },
    {
      "attr_path": "delve",
      "broken": false,
      "derivation": "/nix/store/vq6cxv8pd02yqshp2pddllpfdvr1s4r1-delve-1.27.1.drv",
      "description": "Debugger for the Go programming language",
      "install_id": "delve",
      "license": "MIT",
      "locked_url": "https://github.com/flox/nixpkgs?rev=d6524aaca2ff07876657ae2b323f24be4874944b",
      "name": "delve-1.27.1",
      "pname": "delve",
      "rev": "d6524aaca2ff07876657ae2b323f24be4874944b",
      "rev_count": 1069856,
      "rev_date": "2026-09-08T15:35:43Z",
      "scrape_date": "2026-09-09T05:30:34.113267Z",
      "stabilities": [
        "unstable"
      ],
      "unfree": false,
      "version": "1.27.1",
      "outputs_to_install": [
        "out"
      ],
      "outputs": {
        "out": "/nix/store/s0mk34slf6irk22mvlirks9b24yvz9iw-delve-1.27.1"
      },
      "system": "aarch64-linux",
      "group": "toplevel",
      "priority": 5
    },
    {
      "attr_path": "strace",
      "broken": false,
      "derivation": "/nix/store/0r8jhzjcvry88xsyi5cxdja070sqzzk8-strace-7.2.drv",
      "description": "System call tracer for Linux",
      "install_id": "strace",
      "license": "[ LGPL-2.1-or-later, GPL-2.0-or-later ]",
      "locked_url": "https://github.com/flox/nixpkgs?rev=d6524aaca2ff07876657ae2b323f24be4874944b",
      "name": "strace-7.2",
      "pname": "strace",
      "rev": "d6524aaca2ff07876657ae2b323f24be4874944b",
      "rev_count": 1069856,
      "rev_date": "2026-09-08T15:35:43Z",
      "scrape_date": "2026-09-09T05:33:11.615675Z",
      "stabilities": [
        "unstable"
      ],
      "unfree": false,
      "version": "7.2",
      "outputs_to_install": [
        "man",
        "out"
      ],
      "outputs": {
        "debug": "/nix/store/m46jrs4py0j315grb2jy26hn75kclbw6-strace-7.2-debug",
        "man": "/nix/store/w7z2d0cydrv2p9p60b3iiyhni4rbdgqj-strace-7.2-man",
        "out": "/nix/store/w90kx35bpp92nnw31kgf1q43ky46ihkk-strace-7.2"
      },
      "system": "aarch64-linux",
      "group": "toplevel",
      "priority": 5
    },
    {
      "install_id": "tailscale-debug",
      "locked-url": "path:/private/var/lib/git/seedmatic/rke2lab.d/flox-catalogue?lastModified=1788951190&narHash=sha256-fve4ugUQydEc4lrQq1Ylx7fbD5v565bwfk6onyB3sQI%3D",
      "flake-description": "Flox runtime env catalog: per-workload packages (kdns, headplane, headscale, tailscale) the flox-nri-plugin injects. The plugin itself now lives in github:seedmatic/flox-nri-plugin (consumed as the flox-runtime input of the rke2lab flake).",
      "locked-flake-attr-path": "packages.aarch64-linux.tailscale-debug",
      "derivation": "/nix/store/ym75c2j58zgkh9w7k4yp1ykpsi1ywnak-tailscale.drv",
      "outputs": {
        "out": "/nix/store/s8kqpnclc5svrxy3aybagbdj7hdb3xsa-tailscale"
      },
      "output-names": [
        "out"
      ],
      "outputs-to-install": [
        "out"
      ],
      "requested-outputs-to-install": [],
      "package-system": "aarch64-linux",
      "system": "aarch64-linux",
      "name": "tailscale",
      "pname": "tailscale-debug",
      "version": "1.102.3",
      "broken": false,
      "unfree": false,
      "priority": 5
    }
  ]
}