{
  "lockfile-version": 1,
  "manifest": {
    "schema-version": "1.10.0",
    "install": {
      "seed-incluster": {
        "flake": "path:../../..#seed-incluster"
      }
    },
    "options": {
      "systems": [
        "aarch64-linux"
      ]
    }
  },
  "packages": [
    {
      "install_id": "seed-incluster",
      "locked-url": "path:/private/var/lib/git/seedmatic/rke2lab.d/flox-catalogue?lastModified=1789309485&narHash=sha256-vzXMzeiqXvqmJQmNehu86L9srVQV%2BZzeeYltrsonOJw%3D",
      "flake-description": "Flox runtime env catalog: per-workload packages (kdns, headplane, headscale, tailscale) the flox-nri-plugin injects. The plugin itself now lives in github:seedmatic/flox-nri-plugin (consumed as the flox-runtime input of the rke2lab flake).",
      "locked-flake-attr-path": "packages.aarch64-linux.seed-incluster",
      "derivation": "/nix/store/zk04g63j20fm9iipzpdxb2r3xd9aigrd-io.seedmatic.seed-incluster-0.0.0-develop.drv",
      "outputs": {
        "out": "/nix/store/llp1nslrh11avy0r2p6kqw7g4l0dba9f-io.seedmatic.seed-incluster-0.0.0-develop"
      },
      "output-names": [
        "out"
      ],
      "outputs-to-install": [
        "out"
      ],
      "requested-outputs-to-install": [],
      "package-system": "aarch64-linux",
      "system": "aarch64-linux",
      "name": "io.seedmatic.seed-incluster-0.0.0-develop",
      "pname": "io.seedmatic.seed-incluster",
      "version": "0.0.0-develop",
      "broken": false,
      "unfree": false,
      "priority": 5
    }
  ]
}