{
  "lockfile-version": 1,
  "manifest": {
    "schema-version": "1.10.0",
    "install": {
      "bash": {
        "pkg-path": "bash",
        "outputs": "all"
      },
      "coreutils": {
        "pkg-path": "coreutils",
        "outputs": "all"
      },
      "curl": {
        "pkg-path": "curl"
      },
      "headplane-agent": {
        "flake": "path:../../..#headplane-agent"
      },
      "headplane-debug": {
        "flake": "path:../../..#headplane-debug"
      },
      "headplane-ssh-wasm": {
        "flake": "path:../../..#headplane-ssh-wasm"
      },
      "kubectl": {
        "pkg-path": "kubectl",
        "outputs": "all"
      },
      "strace": {
        "pkg-path": "strace"
      },
      "yq-go": {
        "pkg-path": "yq-go"
      }
    },
    "options": {
      "systems": [
        "aarch64-linux"
      ]
    }
  },
  "packages": [
    {
      "attr_path": "bash",
      "broken": false,
      "derivation": "/nix/store/879z19a2yzs5yw03qzs5wi4k1c1r3mnf-bash-interactive-5.3p15.drv",
      "description": "GNU Bourne-Again Shell, the de facto standard shell on Linux (for interactive use)",
      "install_id": "bash",
      "license": "GPL-3.0-or-later",
      "locked_url": "https://github.com/flox/nixpkgs?rev=44a91898084f46797b5fac650c7e8c9ac38c43d4",
      "name": "bash-interactive-5.3p15",
      "pname": "bash",
      "rev": "44a91898084f46797b5fac650c7e8c9ac38c43d4",
      "rev_count": 1077143,
      "rev_date": "2026-09-20T16:21:31Z",
      "scrape_date": "2026-09-22T05:30:26.958244Z",
      "stabilities": [
        "unstable"
      ],
      "unfree": false,
      "version": "5.3p15",
      "outputs_to_install": [
        "man",
        "out",
        "out",
        "out"
      ],
      "outputs": {
        "debug": "/nix/store/0pm2mzvhhprhjlgk6n4w8gm73nc4v8za-bash-interactive-5.3p15-debug",
        "dev": "/nix/store/jidi55d4j3zilx6kaa2ml4yrxb18j2vc-bash-interactive-5.3p15-dev",
        "doc": "/nix/store/dpw8vkncvqnh0h3rihg924ycq6mk217b-bash-interactive-5.3p15-doc",
        "info": "/nix/store/2w76drikf47dcdpwnwa31i1n190fr367-bash-interactive-5.3p15-info",
        "man": "/nix/store/fxgmbf925hzlljn7pgpxpb4hxn5x8x61-bash-interactive-5.3p15-man",
        "out": "/nix/store/z9nkwcylvgcrn4dvvd91jp8blv3mx38v-bash-interactive-5.3p15"
      },
      "system": "aarch64-linux",
      "group": "toplevel",
      "priority": 5
    },
    {
      "attr_path": "coreutils",
      "broken": false,
      "derivation": "/nix/store/n3iypm4ki73vrsh89qw060w6rfjii2nk-coreutils-9.11.drv",
      "description": "GNU Core Utilities",
      "install_id": "coreutils",
      "license": "GPL-3.0-or-later",
      "locked_url": "https://github.com/flox/nixpkgs?rev=44a91898084f46797b5fac650c7e8c9ac38c43d4",
      "name": "coreutils-9.11",
      "pname": "coreutils",
      "rev": "44a91898084f46797b5fac650c7e8c9ac38c43d4",
      "rev_count": 1077143,
      "rev_date": "2026-09-20T16:21:31Z",
      "scrape_date": "2026-09-22T05:30:27.562364Z",
      "stabilities": [
        "unstable"
      ],
      "unfree": false,
      "version": "9.11",
      "outputs_to_install": [
        "out",
        "out",
        "out",
        "out"
      ],
      "outputs": {
        "debug": "/nix/store/rwzh44p1vhl01mpcz9r3kf62mr0p8x8l-coreutils-9.11-debug",
        "info": "/nix/store/5wf4py5d0632n54hbglbjv5k92b4s5ic-coreutils-9.11-info",
        "out": "/nix/store/p7xdvcvl4aw7m229qzlq601aq0w0nb9n-coreutils-9.11"
      },
      "system": "aarch64-linux",
      "group": "toplevel",
      "priority": 5
    },
    {
      "attr_path": "curl",
      "broken": false,
      "derivation": "/nix/store/zqlql9iphn891wykzyhg03fdpcldvay1-curl-8.22.0.drv",
      "description": "Command line tool for transferring files with URL syntax",
      "install_id": "curl",
      "license": "curl",
      "locked_url": "https://github.com/flox/nixpkgs?rev=44a91898084f46797b5fac650c7e8c9ac38c43d4",
      "name": "curl-8.22.0",
      "pname": "curl",
      "rev": "44a91898084f46797b5fac650c7e8c9ac38c43d4",
      "rev_count": 1077143,
      "rev_date": "2026-09-20T16:21:31Z",
      "scrape_date": "2026-09-22T05:30:27.667166Z",
      "stabilities": [
        "unstable"
      ],
      "unfree": false,
      "version": "8.22.0",
      "outputs_to_install": [
        "bin",
        "bin",
        "bin",
        "man",
        "man",
        "man"
      ],
      "outputs": {
        "bin": "/nix/store/xrpn2mzijwrl6rvi8h1rg73c3dr8i4d0-curl-8.22.0-bin",
        "debug": "/nix/store/q6qvs5zxs0y74xzpw3qbddr2q28mghrf-curl-8.22.0-debug",
        "dev": "/nix/store/gkvhmbk2qmikkmkb565ln3w3wk53naak-curl-8.22.0-dev",
        "devdoc": "/nix/store/lzh8xk5vp9l81c8p6l3r6m3d974cwpbp-curl-8.22.0-devdoc",
        "man": "/nix/store/rfi33w2cg0rp7izn93bczqmw74mjd9ik-curl-8.22.0-man",
        "out": "/nix/store/dwx4mpqydfhykk29yy1dxdjrbs0hn1yh-curl-8.22.0"
      },
      "system": "aarch64-linux",
      "group": "toplevel",
      "priority": 5
    },
    {
      "attr_path": "kubectl",
      "broken": false,
      "derivation": "/nix/store/997clcyspdhygrm8kxjsmikynsc6km2s-kubectl-1.37.0.drv",
      "description": "Kubernetes CLI",
      "install_id": "kubectl",
      "license": "Apache-2.0",
      "locked_url": "https://github.com/flox/nixpkgs?rev=44a91898084f46797b5fac650c7e8c9ac38c43d4",
      "name": "kubectl-1.37.0",
      "pname": "kubectl",
      "rev": "44a91898084f46797b5fac650c7e8c9ac38c43d4",
      "rev_count": 1077143,
      "rev_date": "2026-09-20T16:21:31Z",
      "scrape_date": "2026-09-22T05:30:52.113671Z",
      "stabilities": [
        "unstable"
      ],
      "unfree": false,
      "version": "1.37.0",
      "outputs_to_install": [
        "man",
        "out"
      ],
      "outputs": {
        "convert": "/nix/store/zk7rc70cmg57pxy4rsrfvlvipj55jyd0-kubectl-1.37.0-convert",
        "man": "/nix/store/f10ig7zrahp8cxazh185v561vb9bcvcc-kubectl-1.37.0-man",
        "out": "/nix/store/rzxxk7xn7fglccxy8jp6797n020scw51-kubectl-1.37.0"
      },
      "system": "aarch64-linux",
      "group": "toplevel",
      "priority": 5
    },
    {
      "attr_path": "strace",
      "broken": false,
      "derivation": "/nix/store/g4ppkxx37nk21q3h9k68l5mzzqlblslg-strace-7.2.drv",
      "description": "System call tracer for Linux",
      "install_id": "strace",
      "license": "[ LGPL-2.1-or-later, GPL-2.0-or-later ]",
      "locked_url": "https://github.com/flox/nixpkgs?rev=44a91898084f46797b5fac650c7e8c9ac38c43d4",
      "name": "strace-7.2",
      "pname": "strace",
      "rev": "44a91898084f46797b5fac650c7e8c9ac38c43d4",
      "rev_count": 1077143,
      "rev_date": "2026-09-20T16:21:31Z",
      "scrape_date": "2026-09-22T05:33:05.425202Z",
      "stabilities": [
        "unstable"
      ],
      "unfree": false,
      "version": "7.2",
      "outputs_to_install": [
        "man",
        "out"
      ],
      "outputs": {
        "debug": "/nix/store/rxplb99hz5qa212pfncycp3838p4iq0r-strace-7.2-debug",
        "man": "/nix/store/k63jqiqz9r2sln0ylfqyl6ah6alpp41n-strace-7.2-man",
        "out": "/nix/store/ygv4212nzbi3fcqpryind4idciqypybx-strace-7.2"
      },
      "system": "aarch64-linux",
      "group": "toplevel",
      "priority": 5
    },
    {
      "attr_path": "yq-go",
      "broken": false,
      "derivation": "/nix/store/xnpb9wgz8507sxqqvv9kjh8brrinld8s-yq-go-4.53.3.drv",
      "description": "Portable command-line YAML processor",
      "install_id": "yq-go",
      "license": "MIT",
      "locked_url": "https://github.com/flox/nixpkgs?rev=44a91898084f46797b5fac650c7e8c9ac38c43d4",
      "name": "yq-go-4.53.3",
      "pname": "yq-go",
      "rev": "44a91898084f46797b5fac650c7e8c9ac38c43d4",
      "rev_count": 1077143,
      "rev_date": "2026-09-20T16:21:31Z",
      "scrape_date": "2026-09-22T05:34:30.348370Z",
      "stabilities": [
        "unstable"
      ],
      "unfree": false,
      "version": "4.53.3",
      "outputs_to_install": [
        "out"
      ],
      "outputs": {
        "out": "/nix/store/bnyxyzgh0qh5vqciarwx2rdd02p3165h-yq-go-4.53.3"
      },
      "system": "aarch64-linux",
      "group": "toplevel",
      "priority": 5
    },
    {
      "install_id": "headplane-agent",
      "locked-url": "path:/private/var/lib/git/seedmatic/rke2lab.d/flox-catalogue?lastModified=1790073289&narHash=sha256-aeJKEuMQNe8DZEIYF/INEM6m8U2hQjJRLQPbFs%2B5DZ4%3D",
      "flake-description": "Flox runtime env catalog: per-workload packages (kdns, headplane, headscale, tailscale) the flox-nri-plugin injects. The plugin itself now lives in github:seedmatic/flox-nri-plugin (consumed as the flox-runtime input of the rke2lab flake).",
      "locked-flake-attr-path": "packages.aarch64-linux.headplane-agent",
      "derivation": "/nix/store/a2mvb64fnassjlxnbsyvyfiqmvxb62ps-hp_agent-0.7.0.drv",
      "outputs": {
        "out": "/nix/store/g2fsn4g0i2pigj1qkm5f3dpck60yz93j-hp_agent-0.7.0"
      },
      "output-names": [
        "out"
      ],
      "outputs-to-install": [
        "out"
      ],
      "requested-outputs-to-install": [],
      "package-system": "aarch64-linux",
      "system": "aarch64-linux",
      "name": "hp_agent-0.7.0",
      "pname": "hp_agent",
      "version": "0.7.0",
      "broken": false,
      "unfree": false,
      "priority": 5
    },
    {
      "install_id": "headplane-debug",
      "locked-url": "path:/private/var/lib/git/seedmatic/rke2lab.d/flox-catalogue?lastModified=1790073289&narHash=sha256-aeJKEuMQNe8DZEIYF/INEM6m8U2hQjJRLQPbFs%2B5DZ4%3D",
      "flake-description": "Flox runtime env catalog: per-workload packages (kdns, headplane, headscale, tailscale) the flox-nri-plugin injects. The plugin itself now lives in github:seedmatic/flox-nri-plugin (consumed as the flox-runtime input of the rke2lab flake).",
      "locked-flake-attr-path": "packages.aarch64-linux.headplane-debug",
      "derivation": "/nix/store/d9kwcy7a7d6g4im2jfaph8x2hah6jsrx-headplane-debug-0.7.0.drv",
      "outputs": {
        "out": "/nix/store/v2q055nfryc4hwlq7v4swrqhg3ydph80-headplane-debug-0.7.0"
      },
      "output-names": [
        "out"
      ],
      "outputs-to-install": [
        "out"
      ],
      "requested-outputs-to-install": [],
      "package-system": "aarch64-linux",
      "system": "aarch64-linux",
      "name": "headplane-debug-0.7.0",
      "pname": "headplane-debug",
      "version": "0.7.0",
      "description": "Headplane web UI (debug build with sourcemaps + node --inspect)",
      "licenses": [
        "AGPL-3.0-only"
      ],
      "broken": false,
      "unfree": false,
      "priority": 5
    },
    {
      "install_id": "headplane-ssh-wasm",
      "locked-url": "path:/private/var/lib/git/seedmatic/rke2lab.d/flox-catalogue?lastModified=1790073289&narHash=sha256-aeJKEuMQNe8DZEIYF/INEM6m8U2hQjJRLQPbFs%2B5DZ4%3D",
      "flake-description": "Flox runtime env catalog: per-workload packages (kdns, headplane, headscale, tailscale) the flox-nri-plugin injects. The plugin itself now lives in github:seedmatic/flox-nri-plugin (consumed as the flox-runtime input of the rke2lab flake).",
      "locked-flake-attr-path": "packages.aarch64-linux.headplane-ssh-wasm",
      "derivation": "/nix/store/217lxwwi065kw55f4ssq7fycclchzgz6-headplane-ssh-wasm-0.7.0.drv",
      "outputs": {
        "out": "/nix/store/yk2kshlcyayivhkknv4yrbcac3dlzh9g-headplane-ssh-wasm-0.7.0"
      },
      "output-names": [
        "out"
      ],
      "outputs-to-install": [
        "out"
      ],
      "requested-outputs-to-install": [],
      "package-system": "aarch64-linux",
      "system": "aarch64-linux",
      "name": "headplane-ssh-wasm-0.7.0",
      "pname": "headplane-ssh-wasm",
      "version": "0.7.0",
      "broken": false,
      "unfree": false,
      "priority": 5
    }
  ]
}