{
  "lockfile-version": 1,
  "manifest": {
    "schema-version": "1.10.0",
    "install": {
      "bash": {
        "pkg-path": "bash",
        "outputs": "all"
      },
      "coreutils": {
        "pkg-path": "coreutils",
        "outputs": "all"
      },
      "tailscale": {
        "flake": "path:../../..#tailscale"
      }
    },
    "options": {
      "systems": [
        "aarch64-linux"
      ]
    }
  },
  "packages": [
    {
      "attr_path": "bash",
      "broken": false,
      "derivation": "/nix/store/879z19a2yzs5yw03qzs5wi4k1c1r3mnf-bash-interactive-5.3p15.drv",
      "description": "GNU Bourne-Again Shell, the de facto standard shell on Linux (for interactive use)",
      "install_id": "bash",
      "license": "GPL-3.0-or-later",
      "locked_url": "https://github.com/flox/nixpkgs?rev=e94cb152ed51bd6e24eb4a41f1460252beb52cd2",
      "name": "bash-interactive-5.3p15",
      "pname": "bash",
      "rev": "e94cb152ed51bd6e24eb4a41f1460252beb52cd2",
      "rev_count": 1079315,
      "rev_date": "2026-09-25T08:03:29Z",
      "scrape_date": "2026-09-26T05:29:37.987662Z",
      "stabilities": [
        "unstable"
      ],
      "unfree": false,
      "version": "5.3p15",
      "outputs_to_install": [
        "man",
        "out",
        "out",
        "out"
      ],
      "outputs": {
        "debug": "/nix/store/0pm2mzvhhprhjlgk6n4w8gm73nc4v8za-bash-interactive-5.3p15-debug",
        "dev": "/nix/store/jidi55d4j3zilx6kaa2ml4yrxb18j2vc-bash-interactive-5.3p15-dev",
        "doc": "/nix/store/dpw8vkncvqnh0h3rihg924ycq6mk217b-bash-interactive-5.3p15-doc",
        "info": "/nix/store/2w76drikf47dcdpwnwa31i1n190fr367-bash-interactive-5.3p15-info",
        "man": "/nix/store/fxgmbf925hzlljn7pgpxpb4hxn5x8x61-bash-interactive-5.3p15-man",
        "out": "/nix/store/z9nkwcylvgcrn4dvvd91jp8blv3mx38v-bash-interactive-5.3p15"
      },
      "system": "aarch64-linux",
      "group": "toplevel",
      "priority": 5
    },
    {
      "attr_path": "coreutils",
      "broken": false,
      "derivation": "/nix/store/n3iypm4ki73vrsh89qw060w6rfjii2nk-coreutils-9.11.drv",
      "description": "GNU Core Utilities",
      "install_id": "coreutils",
      "license": "GPL-3.0-or-later",
      "locked_url": "https://github.com/flox/nixpkgs?rev=e94cb152ed51bd6e24eb4a41f1460252beb52cd2",
      "name": "coreutils-9.11",
      "pname": "coreutils",
      "rev": "e94cb152ed51bd6e24eb4a41f1460252beb52cd2",
      "rev_count": 1079315,
      "rev_date": "2026-09-25T08:03:29Z",
      "scrape_date": "2026-09-26T05:29:38.569920Z",
      "stabilities": [
        "unstable"
      ],
      "unfree": false,
      "version": "9.11",
      "outputs_to_install": [
        "out",
        "out",
        "out",
        "out"
      ],
      "outputs": {
        "debug": "/nix/store/rwzh44p1vhl01mpcz9r3kf62mr0p8x8l-coreutils-9.11-debug",
        "info": "/nix/store/5wf4py5d0632n54hbglbjv5k92b4s5ic-coreutils-9.11-info",
        "out": "/nix/store/p7xdvcvl4aw7m229qzlq601aq0w0nb9n-coreutils-9.11"
      },
      "system": "aarch64-linux",
      "group": "toplevel",
      "priority": 5
    },
    {
      "install_id": "tailscale",
      "locked-url": "path:/private/var/lib/git/seedmatic/rke2lab.d/flox-catalogue?lastModified=1790422377&narHash=sha256-8h8cVebQKv30c0cGhbQz03x3xYsDmIx83Mr/JfDPGJk%3D",
      "flake-description": "Flox runtime env catalog: per-workload packages (kdns, headplane, headscale, tailscale) the flox-nri-plugin injects. The plugin itself now lives in github:seedmatic/flox-nri-plugin (consumed as the flox-runtime input of the rke2lab flake).",
      "locked-flake-attr-path": "packages.aarch64-linux.tailscale",
      "derivation": "/nix/store/5yx6lsn6s3d16zj5d0bdc2fcj1w4ibf9-tailscale.drv",
      "outputs": {
        "out": "/nix/store/bnh70zj7whh5ikmdldg3q2azxj21abd0-tailscale"
      },
      "output-names": [
        "out"
      ],
      "outputs-to-install": [
        "out"
      ],
      "requested-outputs-to-install": [],
      "package-system": "aarch64-linux",
      "system": "aarch64-linux",
      "name": "tailscale",
      "pname": "tailscale",
      "version": "1.102.3",
      "broken": false,
      "unfree": false,
      "priority": 5
    }
  ]
}