{
  "lockfile-version": 1,
  "manifest": {
    "schema-version": "1.10.0",
    "install": {
      "bash": {
        "pkg-path": "bash",
        "outputs": "all"
      },
      "coreutils": {
        "pkg-path": "coreutils",
        "outputs": "all"
      },
      "tailscale": {
        "flake": "path:../../..#tailscale"
      }
    },
    "options": {
      "systems": [
        "aarch64-linux"
      ]
    }
  },
  "packages": [
    {
      "attr_path": "bash",
      "broken": false,
      "derivation": "/nix/store/43c5mqrji1g24gr7kgl7rz7h56biywx6-bash-interactive-5.3p15.drv",
      "description": "GNU Bourne-Again Shell, the de facto standard shell on Linux (for interactive use)",
      "install_id": "bash",
      "license": "GPL-3.0-or-later",
      "locked_url": "https://github.com/flox/nixpkgs?rev=d6524aaca2ff07876657ae2b323f24be4874944b",
      "name": "bash-interactive-5.3p15",
      "pname": "bash",
      "rev": "d6524aaca2ff07876657ae2b323f24be4874944b",
      "rev_count": 1069856,
      "rev_date": "2026-09-08T15:35:43Z",
      "scrape_date": "2026-09-09T05:30:33.380330Z",
      "stabilities": [
        "unstable"
      ],
      "unfree": false,
      "version": "5.3p15",
      "outputs_to_install": [
        "man",
        "out",
        "out",
        "out"
      ],
      "outputs": {
        "debug": "/nix/store/713g2mp1i8xpmbdmi3kifdhla7g0gsin-bash-interactive-5.3p15-debug",
        "dev": "/nix/store/360xx4r3q0zf4mkd824ngw1g0ijxijmi-bash-interactive-5.3p15-dev",
        "doc": "/nix/store/v6laahd0c284g94x6b18am6ni7l4lcaw-bash-interactive-5.3p15-doc",
        "info": "/nix/store/1sy5cvzy4k1kg8rq9m9py5qnhxcklri6-bash-interactive-5.3p15-info",
        "man": "/nix/store/x5hnm458p9mhfbf9qjbdh0kx3niml2ca-bash-interactive-5.3p15-man",
        "out": "/nix/store/2v6yfrj5kcq2f5vqw63cr6c3d6i898qc-bash-interactive-5.3p15"
      },
      "system": "aarch64-linux",
      "group": "toplevel",
      "priority": 5
    },
    {
      "attr_path": "coreutils",
      "broken": false,
      "derivation": "/nix/store/d3f8fssi5bl2dp8i31xh102pmq7znwwi-coreutils-9.11.drv",
      "description": "GNU Core Utilities",
      "install_id": "coreutils",
      "license": "GPL-3.0-or-later",
      "locked_url": "https://github.com/flox/nixpkgs?rev=d6524aaca2ff07876657ae2b323f24be4874944b",
      "name": "coreutils-9.11",
      "pname": "coreutils",
      "rev": "d6524aaca2ff07876657ae2b323f24be4874944b",
      "rev_count": 1069856,
      "rev_date": "2026-09-08T15:35:43Z",
      "scrape_date": "2026-09-09T05:30:33.908098Z",
      "stabilities": [
        "unstable"
      ],
      "unfree": false,
      "version": "9.11",
      "outputs_to_install": [
        "out",
        "out",
        "out",
        "out"
      ],
      "outputs": {
        "debug": "/nix/store/mm20p77c25q3xf822lzfwfb11i6w14p8-coreutils-9.11-debug",
        "info": "/nix/store/rlgrpyjxh9xgx6bi3p8lv2bp4vhqagkh-coreutils-9.11-info",
        "out": "/nix/store/85k56vdxxb75xmgvxj4zhaawyafkchwh-coreutils-9.11"
      },
      "system": "aarch64-linux",
      "group": "toplevel",
      "priority": 5
    },
    {
      "install_id": "tailscale",
      "locked-url": "path:/private/var/lib/git/seedmatic/rke2lab.d/flox-catalogue?lastModified=1788951705&narHash=sha256-jjiEZTrMHlNW%2BV/jfFkQYa8og%2BBFhxZMO55Lv6ZCOFU%3D",
      "flake-description": "Flox runtime env catalog: per-workload packages (kdns, headplane, headscale, tailscale) the flox-nri-plugin injects. The plugin itself now lives in github:seedmatic/flox-nri-plugin (consumed as the flox-runtime input of the rke2lab flake).",
      "locked-flake-attr-path": "packages.aarch64-linux.tailscale",
      "derivation": "/nix/store/pv40hcjmg8pbvx5lh1im5nvvf1vq02c3-tailscale.drv",
      "outputs": {
        "out": "/nix/store/2ngf9ibhifg1y9k99wi6npz73m53fggl-tailscale"
      },
      "output-names": [
        "out"
      ],
      "outputs-to-install": [
        "out"
      ],
      "requested-outputs-to-install": [],
      "package-system": "aarch64-linux",
      "system": "aarch64-linux",
      "name": "tailscale",
      "pname": "tailscale",
      "version": "1.102.3",
      "broken": false,
      "unfree": false,
      "priority": 5
    }
  ]
}