{
  "lockfile-version": 1,
  "manifest": {
    "schema-version": "1.10.0",
    "install": {
      "bash": {
        "pkg-path": "bash",
        "outputs": "all"
      },
      "coreutils": {
        "pkg-path": "coreutils",
        "outputs": "all"
      },
      "tailscale": {
        "flake": "path:../../..#tailscale"
      }
    },
    "options": {
      "systems": [
        "aarch64-linux"
      ]
    }
  },
  "packages": [
    {
      "attr_path": "bash",
      "broken": false,
      "derivation": "/nix/store/lng6x2q3j8ilsc76xkd6w027jskqblih-bash-interactive-5.3p15.drv",
      "description": "GNU Bourne-Again Shell, the de facto standard shell on Linux (for interactive use)",
      "install_id": "bash",
      "license": "GPL-3.0-or-later",
      "locked_url": "https://github.com/flox/nixpkgs?rev=b4fd65b198c599cbe814fcb9f42d25d021595ec9",
      "name": "bash-interactive-5.3p15",
      "pname": "bash",
      "rev": "b4fd65b198c599cbe814fcb9f42d25d021595ec9",
      "rev_count": 1082427,
      "rev_date": "2026-09-29T13:38:46Z",
      "scrape_date": "2026-10-01T05:38:36.095894Z",
      "stabilities": [
        "unstable"
      ],
      "unfree": false,
      "version": "5.3p15",
      "outputs_to_install": [
        "man",
        "out"
      ],
      "outputs": {
        "debug": "/nix/store/ibzrdbzm31azyk9jv2sqk1wz90svp64c-bash-interactive-5.3p15-debug",
        "dev": "/nix/store/2ssiw3jmlpf03cdrlf4df2qwpxska7xn-bash-interactive-5.3p15-dev",
        "doc": "/nix/store/zmirimd60fc2bdh1nlghi044k7y1qnfn-bash-interactive-5.3p15-doc",
        "info": "/nix/store/p15v5l88lvcgl4i71w1bz0vkw6gy6wgx-bash-interactive-5.3p15-info",
        "man": "/nix/store/fabgday1m9ahl9pxx2dvmn22mxcc5ik2-bash-interactive-5.3p15-man",
        "out": "/nix/store/wgxz9zr5a70v52nkqinbarf56f1c5jsi-bash-interactive-5.3p15"
      },
      "system": "aarch64-linux",
      "group": "toplevel",
      "priority": 5
    },
    {
      "attr_path": "coreutils",
      "broken": false,
      "derivation": "/nix/store/k9fn8scgs59zjpi78n24qlzyb4wlmkw5-coreutils-9.11.drv",
      "description": "GNU Core Utilities",
      "install_id": "coreutils",
      "license": "GPL-3.0-or-later",
      "locked_url": "https://github.com/flox/nixpkgs?rev=b4fd65b198c599cbe814fcb9f42d25d021595ec9",
      "name": "coreutils-9.11",
      "pname": "coreutils",
      "rev": "b4fd65b198c599cbe814fcb9f42d25d021595ec9",
      "rev_count": 1082427,
      "rev_date": "2026-09-29T13:38:46Z",
      "scrape_date": "2026-10-01T05:38:36.696308Z",
      "stabilities": [
        "unstable"
      ],
      "unfree": false,
      "version": "9.11",
      "outputs_to_install": [
        "out"
      ],
      "outputs": {
        "debug": "/nix/store/zf1kvml4h5wk3n22h17fnqvyzm1cjnbc-coreutils-9.11-debug",
        "info": "/nix/store/982a6ix3bby4pqw5gqs9lhzbkay0h19z-coreutils-9.11-info",
        "out": "/nix/store/dq1apsyiah48nmc4n45dpwc33k887hdn-coreutils-9.11"
      },
      "system": "aarch64-linux",
      "group": "toplevel",
      "priority": 5
    },
    {
      "install_id": "tailscale",
      "locked-url": "path:/private/var/lib/git/seedmatic/rke2lab.d/flox-catalogue?lastModified=1790865445&narHash=sha256-IBaHLs5Opb3e6nSFDwZB6So6/ruAJYBtADMhO7oIfmM%3D",
      "flake-description": "Flox runtime env catalog: per-workload packages (kdns, tailscale) the flox-nri-plugin injects. The plugin itself now lives in github:seedmatic/flox-nri-plugin (consumed as the flox-runtime input of the rke2lab flake).",
      "locked-flake-attr-path": "packages.aarch64-linux.tailscale",
      "derivation": "/nix/store/5yx6lsn6s3d16zj5d0bdc2fcj1w4ibf9-tailscale.drv",
      "outputs": {
        "out": "/nix/store/bnh70zj7whh5ikmdldg3q2azxj21abd0-tailscale"
      },
      "output-names": [
        "out"
      ],
      "outputs-to-install": [
        "out"
      ],
      "requested-outputs-to-install": [],
      "package-system": "aarch64-linux",
      "system": "aarch64-linux",
      "name": "tailscale",
      "pname": "tailscale",
      "version": "1.102.3",
      "broken": false,
      "unfree": false,
      "priority": 5
    }
  ]
}