{
  "lockfile-version": 1,
  "manifest": {
    "schema-version": "1.10.0",
    "install": {
      "bash": {
        "pkg-path": "bash",
        "outputs": "all"
      },
      "coreutils": {
        "pkg-path": "coreutils",
        "outputs": "all"
      },
      "git": {
        "pkg-path": "git"
      },
      "git-sops-filter": {
        "flake": "path:../../..#git-sops-filter"
      },
      "sops": {
        "pkg-path": "sops"
      },
      "yq-go": {
        "pkg-path": "yq-go"
      }
    },
    "hook": {
      "on-activate": "  # Wire git to the package's `sops` include (top-level file the git-sops-filter output\n  # carries, surfaced at $FLOX_ENV/sops). Its relative `path = sops.d/<fmt>` entries and\n  # the absolute filter/diff commands both resolve inside the package's own store path.\n  # Guarded so repeated activations do not stack duplicate include.path entries.\n  if ! git config --global --get-all include.path 2>/dev/null | grep -qxF \"$FLOX_ENV/sops\"; then\n    git config --global --add include.path \"$FLOX_ENV/sops\"\n  fi\n"
    },
    "options": {
      "systems": [
        "aarch64-linux"
      ]
    }
  },
  "packages": [
    {
      "attr_path": "bash",
      "broken": false,
      "derivation": "/nix/store/3va3y0iw50ywn7m7wdyir10h5c8n7rrj-bash-interactive-5.3p15.drv",
      "description": "GNU Bourne-Again Shell, the de facto standard shell on Linux (for interactive use)",
      "install_id": "bash",
      "license": "GPL-3.0-or-later",
      "locked_url": "https://github.com/flox/nixpkgs?rev=ef34387ddd751e1ab8857adf4676492d32eb24ec",
      "name": "bash-interactive-5.3p15",
      "pname": "bash",
      "rev": "ef34387ddd751e1ab8857adf4676492d32eb24ec",
      "rev_count": 1073009,
      "rev_date": "2026-09-13T08:01:44Z",
      "scrape_date": "2026-09-15T05:30:08.485221Z",
      "stabilities": [
        "unstable"
      ],
      "unfree": false,
      "version": "5.3p15",
      "outputs_to_install": [
        "man",
        "out",
        "out",
        "out"
      ],
      "outputs": {
        "debug": "/nix/store/0pm2mzvhhprhjlgk6n4w8gm73nc4v8za-bash-interactive-5.3p15-debug",
        "dev": "/nix/store/jidi55d4j3zilx6kaa2ml4yrxb18j2vc-bash-interactive-5.3p15-dev",
        "doc": "/nix/store/dpw8vkncvqnh0h3rihg924ycq6mk217b-bash-interactive-5.3p15-doc",
        "info": "/nix/store/2w76drikf47dcdpwnwa31i1n190fr367-bash-interactive-5.3p15-info",
        "man": "/nix/store/fxgmbf925hzlljn7pgpxpb4hxn5x8x61-bash-interactive-5.3p15-man",
        "out": "/nix/store/z9nkwcylvgcrn4dvvd91jp8blv3mx38v-bash-interactive-5.3p15"
      },
      "system": "aarch64-linux",
      "group": "toplevel",
      "priority": 5
    },
    {
      "attr_path": "coreutils",
      "broken": false,
      "derivation": "/nix/store/n3iypm4ki73vrsh89qw060w6rfjii2nk-coreutils-9.11.drv",
      "description": "GNU Core Utilities",
      "install_id": "coreutils",
      "license": "GPL-3.0-or-later",
      "locked_url": "https://github.com/flox/nixpkgs?rev=ef34387ddd751e1ab8857adf4676492d32eb24ec",
      "name": "coreutils-9.11",
      "pname": "coreutils",
      "rev": "ef34387ddd751e1ab8857adf4676492d32eb24ec",
      "rev_count": 1073009,
      "rev_date": "2026-09-13T08:01:44Z",
      "scrape_date": "2026-09-15T05:30:09.018806Z",
      "stabilities": [
        "unstable"
      ],
      "unfree": false,
      "version": "9.11",
      "outputs_to_install": [
        "out",
        "out",
        "out",
        "out"
      ],
      "outputs": {
        "debug": "/nix/store/rwzh44p1vhl01mpcz9r3kf62mr0p8x8l-coreutils-9.11-debug",
        "info": "/nix/store/5wf4py5d0632n54hbglbjv5k92b4s5ic-coreutils-9.11-info",
        "out": "/nix/store/p7xdvcvl4aw7m229qzlq601aq0w0nb9n-coreutils-9.11"
      },
      "system": "aarch64-linux",
      "group": "toplevel",
      "priority": 5
    },
    {
      "attr_path": "git",
      "broken": false,
      "derivation": "/nix/store/8mnixr604649pgh0gm83k0k0d1w9yn70-git-2.55.0.drv",
      "description": "Distributed version control system",
      "install_id": "git",
      "license": "GPL-2.0",
      "locked_url": "https://github.com/flox/nixpkgs?rev=ef34387ddd751e1ab8857adf4676492d32eb24ec",
      "name": "git-2.55.0",
      "pname": "git",
      "rev": "ef34387ddd751e1ab8857adf4676492d32eb24ec",
      "rev_count": 1073009,
      "rev_date": "2026-09-13T08:01:44Z",
      "scrape_date": "2026-09-15T05:30:10.326377Z",
      "stabilities": [
        "unstable"
      ],
      "unfree": false,
      "version": "2.55.0",
      "outputs_to_install": [
        "out",
        "out"
      ],
      "outputs": {
        "debug": "/nix/store/ldxw9zf2xy8f6zbky0scjiqch10jdp7w-git-2.55.0-debug",
        "doc": "/nix/store/ka7q0r9bxnz0jmi2lh58qx5ijcd3lccf-git-2.55.0-doc",
        "out": "/nix/store/wnv9pqby90h45gyha0xwfp1blhmrrcv1-git-2.55.0"
      },
      "system": "aarch64-linux",
      "group": "toplevel",
      "priority": 5
    },
    {
      "attr_path": "sops",
      "broken": false,
      "derivation": "/nix/store/8s65ikcxzmkky7z12nimr0mbf77b3jjg-sops-3.13.3.drv",
      "description": "Simple and flexible tool for managing secrets",
      "install_id": "sops",
      "license": "MPL-2.0",
      "locked_url": "https://github.com/flox/nixpkgs?rev=ef34387ddd751e1ab8857adf4676492d32eb24ec",
      "name": "sops-3.13.3",
      "pname": "sops",
      "rev": "ef34387ddd751e1ab8857adf4676492d32eb24ec",
      "rev_count": 1073009,
      "rev_date": "2026-09-13T08:01:44Z",
      "scrape_date": "2026-09-15T05:32:41.677077Z",
      "stabilities": [
        "unstable"
      ],
      "unfree": false,
      "version": "3.13.3",
      "outputs_to_install": [
        "out"
      ],
      "outputs": {
        "out": "/nix/store/ilkk0zm7c6rm2m62waxagz82avd4z0pa-sops-3.13.3"
      },
      "system": "aarch64-linux",
      "group": "toplevel",
      "priority": 5
    },
    {
      "attr_path": "yq-go",
      "broken": false,
      "derivation": "/nix/store/i7ac8n0hfhqshxnqjccbwqzhkxgh662g-yq-go-4.53.3.drv",
      "description": "Portable command-line YAML processor",
      "install_id": "yq-go",
      "license": "MIT",
      "locked_url": "https://github.com/flox/nixpkgs?rev=ef34387ddd751e1ab8857adf4676492d32eb24ec",
      "name": "yq-go-4.53.3",
      "pname": "yq-go",
      "rev": "ef34387ddd751e1ab8857adf4676492d32eb24ec",
      "rev_count": 1073009,
      "rev_date": "2026-09-13T08:01:44Z",
      "scrape_date": "2026-09-15T05:34:05.623625Z",
      "stabilities": [
        "unstable"
      ],
      "unfree": false,
      "version": "4.53.3",
      "outputs_to_install": [
        "out"
      ],
      "outputs": {
        "out": "/nix/store/bnyxyzgh0qh5vqciarwx2rdd02p3165h-yq-go-4.53.3"
      },
      "system": "aarch64-linux",
      "group": "toplevel",
      "priority": 5
    },
    {
      "install_id": "git-sops-filter",
      "locked-url": "path:/private/var/lib/git/seedmatic/rke2lab.d/flox-catalogue?lastModified=1789511534&narHash=sha256-2H8ishnnNDZEGc3W%2BgLYwqKT29d2uuih5yBM5oPQbPw%3D",
      "flake-description": "Flox runtime env catalog: per-workload packages (kdns, headplane, headscale, tailscale) the flox-nri-plugin injects. The plugin itself now lives in github:seedmatic/flox-nri-plugin (consumed as the flox-runtime input of the rke2lab flake).",
      "locked-flake-attr-path": "packages.aarch64-linux.git-sops-filter",
      "derivation": "/nix/store/2kdxcnvf9z5gjx3z7jgwsfqk97nl21f3-git-sops-filter.drv",
      "outputs": {
        "out": "/nix/store/ksid2yivyalslbdnns66s01wmhxz1540-git-sops-filter"
      },
      "output-names": [
        "out"
      ],
      "outputs-to-install": [
        "out"
      ],
      "requested-outputs-to-install": [],
      "package-system": "aarch64-linux",
      "system": "aarch64-linux",
      "name": "git-sops-filter",
      "broken": false,
      "unfree": false,
      "priority": 5
    }
  ]
}