{
  "lockfile-version": 1,
  "manifest": {
    "schema-version": "1.14.0",
    "hook": {
      "on-activate": "  _flox_nix_registry=\"\"\n  if [ -f \"${FLOX_ENV_PROJECT}/flake-registry.local.json\" ]; then\n    _flox_nix_registry=\"${FLOX_ENV_PROJECT}/flake-registry.local.json\"\n  elif [ -f \"${FLOX_ENV_PROJECT}/flake-registry.json\" ]; then\n    _flox_nix_registry=\"${FLOX_ENV_PROJECT}/flake-registry.json\"\n  fi\n  if [ -n \"$_flox_nix_registry\" ]; then\n    # nix.conf settings are newline-separated and NIX_CONFIG may already carry some — notably\n    # the access-tokens for the private inputs, which have to survive this.\n    _flox_nix_nl='\n'\n    export NIX_CONFIG=\"${NIX_CONFIG:+${NIX_CONFIG}${_flox_nix_nl}}flake-registry = $_flox_nix_registry\"\n    unset _flox_nix_nl\n  fi\n  unset _flox_nix_registry\n"
    },
    "profile": {},
    "options": {}
  },
  "packages": [],
  "compose": {
    "composer": {
      "schema-version": "1.14.0",
      "hook": {},
      "profile": {},
      "options": {},
      "include": {
        "environments": [
          {
            "dir": "./.flox-envs.d/flake-registry"
          }
        ]
      }
    },
    "include": [
      {
        "manifest": {
          "schema-version": "1.11.0",
          "hook": {
            "on-activate": "  _flox_nix_registry=\"\"\n  if [ -f \"${FLOX_ENV_PROJECT}/flake-registry.local.json\" ]; then\n    _flox_nix_registry=\"${FLOX_ENV_PROJECT}/flake-registry.local.json\"\n  elif [ -f \"${FLOX_ENV_PROJECT}/flake-registry.json\" ]; then\n    _flox_nix_registry=\"${FLOX_ENV_PROJECT}/flake-registry.json\"\n  fi\n  if [ -n \"$_flox_nix_registry\" ]; then\n    # nix.conf settings are newline-separated and NIX_CONFIG may already carry some — notably\n    # the access-tokens for the private inputs, which have to survive this.\n    _flox_nix_nl='\n'\n    export NIX_CONFIG=\"${NIX_CONFIG:+${NIX_CONFIG}${_flox_nix_nl}}flake-registry = $_flox_nix_registry\"\n    unset _flox_nix_nl\n  fi\n  unset _flox_nix_registry\n"
          },
          "options": {}
        },
        "name": "flake-registry",
        "descriptor": {
          "dir": "./.flox-envs.d/flake-registry"
        }
      }
    ],
    "warnings": []
  }
}
